<?xml version="1.0" encoding="utf-8"?>
<Project ToolsVersion="4.0" xmlns="http://schemas.microsoft.com/developer/msbuild/2003">
  <ItemGroup>
    <ClCompile Include="ConfVelocita\ConfigurazioneVelocita.cpp" />
    <ClCompile Include="ControllerListTrain.cpp" />
    <ClCompile Include="EventQueue.cpp" />
    <ClCompile Include="FormStatoLineaIXL.cpp" />
    <ClCompile Include="form\FormStatoLineaATC.cpp" />
    <ClCompile Include="form\tableLayoutPanelAllCDB.cpp" />
    <ClCompile Include="form\tableLayoutPanelSingleItin.cpp" />
    <ClCompile Include="Itinerari\binario.cpp" />
    <ClCompile Include="Itinerari\FormVisualizzeConfFermate.cpp" />
    <ClCompile Include="Itinerari\FormVisualizzeConfItine.cpp" />
    <ClCompile Include="Itinerari\Itinerario.cpp" />
    <ClCompile Include="Itinerari\stazione.cpp" />
    <ClCompile Include="Itinerari\TabellaStazioni.cpp" />
    <ClCompile Include="ItineraryBox.cpp" />
    <ClCompile Include="ListTrainModel.cpp" />
    <ClCompile Include="ListTrainView.cpp" />
    <ClCompile Include="logger\Logger.cpp" />
    <ClCompile Include="logger\TextBoxTraceListener.cpp" />
    <ClCompile Include="Itinerari\lrbg.cpp" />
    <ClCompile Include="main.cpp" />
    <ClCompile Include="mapTrenoFisicoLogico.cpp" />
    <ClCompile Include="messaggi\Fault.cpp" />
    <ClCompile Include="messaggi\Messaggi.cpp" />
    <ClCompile Include="messaggi\Mission.cpp" />
    <ClCompile Include="messaggi\pacchettoAcknowledgement.cpp" />
    <ClCompile Include="messaggi\pacchettoComandoBlocco.cpp" />
    <ClCompile Include="messaggi\pacchettoComandoItinerari.cpp" />
    <ClCompile Include="messaggi\pacchettoCommandData.cpp" />
    <ClCompile Include="messaggi\pacchettoEnd.cpp" />
    <ClCompile Include="messaggi\pacchettoFaultData.cpp" />
    <ClCompile Include="messaggi\pacchettoMissionData.cpp" />
    <ClCompile Include="messaggi\pacchettoPositionDataATC.cpp" />
    <ClCompile Include="messaggi\pacchettopresentazione.cpp" />
    <ClCompile Include="messaggi\pacchettoStatoBlocco.cpp" />
    <ClCompile Include="messaggi\pacchettoStatoItinerario.cpp" />
    <ClCompile Include="messaggi\pacchettostatolineaatc.cpp" />
    <ClCompile Include="messaggi\pacchettoStatoLineaIXL.cpp" />
    <ClCompile Include="messaggi\pacchettoStatoSegnali.cpp" />
    <ClCompile Include="messaggi\pachettoStatoScudetti.cpp" />
    <ClCompile Include="messaggi\ProfiloVelocita.cpp" />
    <ClCompile Include="messaggi\StateBlocco.cpp" />
    <ClCompile Include="messaggi\StateCDB.cpp" />
    <ClCompile Include="messaggi\StateItinerario.cpp" />
    <ClCompile Include="messaggi\StateScudetti.cpp" />
    <ClCompile Include="messaggi\StateSegnale.cpp" />
    <ClCompile Include="messaggi\utility.cpp" />
    <ClCompile Include="messaggi\pacchettoBase.cpp" />
    <ClCompile Include="ParalellMethod.cpp" />
    <ClCompile Include="physicalTrain.cpp" />
    <ClCompile Include="phisicalTrainList.cpp" />
    <ClCompile Include="form\SchedulerForm.cpp" />
    <ClCompile Include="manager\ManagerMsgATO.cpp" />
    <ClCompile Include="manager\ManagerStatoLineaATC.cpp" />
    <ClCompile Include="manager\ManagerStatoLineaIXL.cpp" />
    <ClCompile Include="SingleTrainInfoForm.cpp" />
    <ClCompile Include="tabellaOrario\Fermata.cpp" />
    <ClCompile Include="tabellaOrario\FormVisualizzeTabOrario.cpp" />
    <ClCompile Include="tabellaOrario\TabellaOrario.cpp" />
    <ClCompile Include="ThreadSchedulerSortedList.cpp" />
    <ClCompile Include="threads\ThreadListenerATC_IXL.cpp" />
    <ClCompile Include="threads\ThreadPresentazione.cpp" />
    <ClCompile Include="Train.cpp" />
    <ClCompile Include="TrenoFisicoLogico.cpp" />
    <ClCompile Include="wdogcontrol.cpp" />
    <ClCompile Include="AreeCritiche\AreeCritiche.cpp" />
    <ClCompile Include="AreeCritiche\AreaCriticaLineare.cpp" />
    <ClCompile Include="AreeCritiche\AreaCriticaCircolare.cpp" />
  </ItemGroup>
  <ItemGroup>
    <ClInclude Include="ConfigurazioneFermate.h" />
    <ClInclude Include="ConfigurazioneItinerari.h" />
    <ClInclude Include="ConfigurazioneProfiliVelocita.h" />
    <ClInclude Include="ConfVelocita\ConfigurazioneVelocita.h" />
    <ClInclude Include="ControllerListTrain.h" />
    <ClInclude Include="EventQueue.h" />
    <ClInclude Include="Event.h" />
    <ClInclude Include="FormStatoLineaIXL.h" />
    <ClInclude Include="form\FormStatoLineaATC.h" />
    <ClInclude Include="form\tableLayoutPanelAllCDB.h" />
    <ClInclude Include="form\tableLayoutPanelSingleItin.h" />
    <ClInclude Include="IEvent.h" />
    <ClInclude Include="Itinerari\binario.h" />
    <ClInclude Include="Itinerari\FormVisualizzeConfFermate.h" />
    <ClInclude Include="Itinerari\FormVisualizzeConfItine.h" />
    <ClInclude Include="Itinerari\Itinerario.h" />
    <ClInclude Include="Itinerari\stazione.h" />
    <ClInclude Include="Itinerari\TabellaStazioni.h" />
    <ClInclude Include="ItineraryBox.h" />
    <ClInclude Include="ListTrainModel.h" />
    <ClInclude Include="ListTrainView.h" />
    <ClInclude Include="logger\Logger.h" />
    <ClInclude Include="logger\TextBoxTraceListener.h" />
    <ClInclude Include="Itinerari\lrbg.h" />
    <ClInclude Include="MapTreni.h" />
    <ClInclude Include="mapTrenoFisicoLogico.h" />
    <ClInclude Include="messaggi\Fault.h" />
    <ClInclude Include="messaggi\Messaggi.h" />
    <ClInclude Include="messaggi\Mission.h" />
    <ClInclude Include="messaggi\pacchettoAcknowledgement.h" />
    <ClInclude Include="messaggi\pacchettoComandoBlocco.h" />
    <ClInclude Include="messaggi\pacchettoComandoItinerari.h" />
    <ClInclude Include="messaggi\pacchettoCommandData.h" />
    <ClInclude Include="messaggi\pacchettoEnd.h" />
    <ClInclude Include="messaggi\pacchettoFaultData.h" />
    <ClInclude Include="messaggi\pacchettoMissionData.h" />
    <ClInclude Include="messaggi\pacchettoPositionDataATC.h" />
    <ClInclude Include="messaggi\pacchettopresentazione.h" />
    <ClInclude Include="messaggi\pacchettoStatoBlocco.h" />
    <ClInclude Include="messaggi\pacchettoStatoItinerario.h" />
    <ClInclude Include="messaggi\pacchettostatolineaatc.h" />
    <ClInclude Include="messaggi\pacchettoStatoLineaIXL.h" />
    <ClInclude Include="messaggi\pacchettoStatoSegnali.h" />
    <ClInclude Include="messaggi\pachettoStatoScudetti.h" />
    <ClInclude Include="messaggi\ProfiloVelocita.h" />
    <ClInclude Include="messaggi\StateBlocco.h" />
    <ClInclude Include="messaggi\StateCDB.h" />
    <ClInclude Include="messaggi\StateItinerario.h" />
    <ClInclude Include="messaggi\StateScudetti.h" />
    <ClInclude Include="messaggi\StateSegnale.h" />
    <ClInclude Include="messaggi\utility.h" />
    <ClInclude Include="messaggi\pacchettoBase.h" />
    <ClInclude Include="ParalellMethod.h" />
    <ClInclude Include="physicalTrain.h" />
    <ClInclude Include="phisicalTrainList.h" />
    <ClInclude Include="resource.h" />
    <ClInclude Include="form\SchedulerForm.h" />
    <ClInclude Include="manager\ManagerMsgATO.h" />
    <ClInclude Include="manager\ManagerStatoLineaATC.h" />
    <ClInclude Include="manager\ManagerStatoLineaIXL.h" />
    <ClInclude Include="SingleTrainInfoForm.h" />
    <ClInclude Include="StateObject.h" />
    <ClInclude Include="TabellaOrario.h" />
    <ClInclude Include="tabellaOrario\Fermata.h" />
    <ClInclude Include="tabellaOrario\FormVisualizzeTabOrario.h" />
    <ClInclude Include="tabellaOrario\TabellaOrario.h" />
    <ClInclude Include="ThreadSchedulerSortedList.h" />
    <ClInclude Include="threads\ThreadListenerATC_IXL.h" />
    <ClInclude Include="threads\ThreadPresentazione.h" />
    <ClInclude Include="Train.h" />
    <ClInclude Include="TrenoFisicoLogico.h" />
    <ClInclude Include="Unsubscriber.h" />
    <ClInclude Include="wdogcontrol.h" />
    <ClInclude Include="AreeCritiche\AreaCritica.h" />
    <ClInclude Include="AreeCritiche\AreeCritiche.h" />
    <ClInclude Include="AreeCritiche\AreaCriticaLineare.h" />
    <ClInclude Include="AreeCritiche\AreaCriticaCircolare.h" />
  </ItemGroup>
  <ItemGroup>
    <_EmbedManagedResourceFile Include="Prototipo.rc" />
    <_EmbedManagedResourceFile Include="..\FileConfigurazione\CDB.csv" />
    <_EmbedManagedResourceFile Include="..\FileConfigurazione\ConfigurazioneFermate.xml" />
    <_EmbedManagedResourceFile Include="..\FileConfigurazione\ConfigurazioneItinerari.xml" />
    <_EmbedManagedResourceFile Include="..\FileConfigurazione\ConfigurazioneProfiliVelocita.xml" />
    <_EmbedManagedResourceFile Include="..\FileConfigurazione\MapTreni.xml" />
    <_EmbedManagedResourceFile Include="..\FileConfigurazione\TabellaOrario.xml" />
    <_EmbedManagedResourceFile Include="..\FileConfigurazione\ConfigurazioneFermate.xsd" />
    <_EmbedManagedResourceFile Include="..\FileConfigurazione\ConfigurazioneItinerari.xsd" />
    <_EmbedManagedResourceFile Include="..\FileConfigurazione\ConfigurazioneProfiliVelocita.xsd" />
    <_EmbedManagedResourceFile Include="..\FileConfigurazione\MapTreni.xsd" />
    <_EmbedManagedResourceFile Include="..\FileConfigurazione\TabellaOrario.xsd" />
  </ItemGroup>
  <ItemGroup>
    <EmbeddedResource Include="FormStatoLineaIXL.resx" />
    <EmbeddedResource Include="FormStatoLineaATC.resx" />
    <EmbeddedResource Include="form\FormStatoLineaATC.resx" />
    <EmbeddedResource Include="form\SchedulerForm.resx" />
    <EmbeddedResource Include="ListTrainView.resx" />
  </ItemGroup>
  <ItemGroup>
    <None Include="app.config" />
  </ItemGroup>
</Project>