<?xml version="1.0" encoding="utf-8"?>
<Project ToolsVersion="4.0" xmlns="http://schemas.microsoft.com/developer/msbuild/2003">
  <ItemGroup>
    <Filter Include="File di origine">
      <UniqueIdentifier>{4FC737F1-C7A5-4376-A066-2A32D752A2FF}</UniqueIdentifier>
      <Extensions>cpp;c;cc;cxx;def;odl;idl;hpj;bat;asm;asmx</Extensions>
    </Filter>
    <Filter Include="File di intestazione">
      <UniqueIdentifier>{93995380-89BD-4b04-88EB-625FBE52EBFB}</UniqueIdentifier>
      <Extensions>h;hpp;hxx;hm;inl;inc;xsd</Extensions>
    </Filter>
    <Filter Include="File di risorse">
      <UniqueIdentifier>{67DA6AB6-F800-4c08-8B7A-83BB121AAD01}</UniqueIdentifier>
      <Extensions>rc;ico;cur;bmp;dlg;rc2;rct;bin;rgs;gif;jpg;jpeg;jpe;resx;tiff;tif;png;wav;mfcribbon-ms</Extensions>
    </Filter>
    <Filter Include="File di intestazione\logger">
      <UniqueIdentifier>{2d4ffbd1-cecd-4e8d-b9ea-02ab5eac6f06}</UniqueIdentifier>
    </Filter>
    <Filter Include="File di origine\logger">
      <UniqueIdentifier>{936a2012-2269-4628-b0cc-922973ec4651}</UniqueIdentifier>
    </Filter>
    <Filter Include="File di intestazione\messaggi">
      <UniqueIdentifier>{63f3ee32-426c-417d-9814-4ac8fc688b98}</UniqueIdentifier>
    </Filter>
    <Filter Include="File di origine\messaggi">
      <UniqueIdentifier>{8a185df8-3376-401c-b22e-aace322bd637}</UniqueIdentifier>
    </Filter>
    <Filter Include="File di intestazione\tabellaOrario">
      <UniqueIdentifier>{aa317d84-487b-43aa-860e-8be2a1e3ab98}</UniqueIdentifier>
    </Filter>
    <Filter Include="File di origine\tabellaOrario">
      <UniqueIdentifier>{80ece2c6-f5e0-4413-8794-d5a81df7e0cb}</UniqueIdentifier>
    </Filter>
    <Filter Include="File di intestazione\threads">
      <UniqueIdentifier>{ff1b9462-2487-4efd-bb19-2210e5de3662}</UniqueIdentifier>
    </Filter>
    <Filter Include="File di origine\threads">
      <UniqueIdentifier>{cd924c59-33a9-4e15-bb5e-2f5aab31a8f8}</UniqueIdentifier>
    </Filter>
    <Filter Include="File di intestazione\itinerari">
      <UniqueIdentifier>{18ba1378-0b11-46e0-964b-642f5164265b}</UniqueIdentifier>
    </Filter>
    <Filter Include="File di origine\itinerari">
      <UniqueIdentifier>{7f5436f8-af3b-41da-9aed-817507a66fc1}</UniqueIdentifier>
    </Filter>
    <Filter Include="File di intestazione\scheduler">
      <UniqueIdentifier>{8b2e86a2-551e-41f5-b94b-80276180e467}</UniqueIdentifier>
    </Filter>
    <Filter Include="File di origine\scheduler">
      <UniqueIdentifier>{8f5f4c83-6aef-443c-b29b-d3772a38a281}</UniqueIdentifier>
    </Filter>
  </ItemGroup>
  <ItemGroup>
    <ResourceCompile Include="Prototipo.rc">
      <Filter>File di risorse</Filter>
    </ResourceCompile>
  </ItemGroup>
  <ItemGroup>
    <ClInclude Include="messaggi\Messaggi.h">
      <Filter>File di intestazione\messaggi</Filter>
    </ClInclude>
    <ClInclude Include="messaggi\pacchettoAcknowledgement.h">
      <Filter>File di intestazione\messaggi</Filter>
    </ClInclude>
    <ClInclude Include="messaggi\pacchettoCommandData.h">
      <Filter>File di intestazione\messaggi</Filter>
    </ClInclude>
    <ClInclude Include="messaggi\pacchettoMissionPlan.h">
      <Filter>File di intestazione\messaggi</Filter>
    </ClInclude>
    <ClInclude Include="messaggi\pacchettopresentazione.h">
      <Filter>File di intestazione\messaggi</Filter>
    </ClInclude>
    <ClInclude Include="messaggi\pacchettostatolineaatc.h">
      <Filter>File di intestazione\messaggi</Filter>
    </ClInclude>
    <ClInclude Include="messaggi\struttureDatiMessaggi.h">
      <Filter>File di intestazione\messaggi</Filter>
    </ClInclude>
    <ClInclude Include="tabellaOrario\Fermata.h">
      <Filter>File di intestazione\tabellaOrario</Filter>
    </ClInclude>
    <ClInclude Include="tabellaOrario\TabellaOrario.h">
      <Filter>File di intestazione\tabellaOrario</Filter>
    </ClInclude>
    <ClInclude Include="threads\ThreadPresentazione.h">
      <Filter>File di intestazione\threads</Filter>
    </ClInclude>
    <ClInclude Include="mapTrenoFisicoLogico.h">
      <Filter>File di intestazione</Filter>
    </ClInclude>
    <ClInclude Include="phisicalTrain.h">
      <Filter>File di intestazione</Filter>
    </ClInclude>
    <ClInclude Include="phisicalTrainList.h">
      <Filter>File di intestazione</Filter>
    </ClInclude>
    <ClInclude Include="resource.h">
      <Filter>File di intestazione</Filter>
    </ClInclude>
    <ClInclude Include="logger\Logger.h">
      <Filter>File di intestazione\logger</Filter>
    </ClInclude>
    <ClInclude Include="form\SchedulerForm.h">
      <Filter>File di intestazione</Filter>
    </ClInclude>
    <ClInclude Include="messaggi\pacchettoFaultData.h">
      <Filter>File di intestazione\messaggi</Filter>
    </ClInclude>
    <ClInclude Include="messaggi\pacchettoStatoItinerario.h">
      <Filter>File di intestazione\messaggi</Filter>
    </ClInclude>
    <ClInclude Include="messaggi\pacchettoStatoSegnali.h">
      <Filter>File di intestazione\messaggi</Filter>
    </ClInclude>
    <ClInclude Include="messaggi\pacchettoComandoItinerari.h">
      <Filter>File di intestazione\messaggi</Filter>
    </ClInclude>
    <ClInclude Include="messaggi\pacchettoEnd.h">
      <Filter>File di intestazione\messaggi</Filter>
    </ClInclude>
    <ClInclude Include="messaggi\pacchettoComandoBlocco.h">
      <Filter>File di intestazione\messaggi</Filter>
    </ClInclude>
    <ClInclude Include="messaggi\pacchettoStatoBlocco.h">
      <Filter>File di intestazione\messaggi</Filter>
    </ClInclude>
    <ClInclude Include="messaggi\pacchettoStatoLineaIXL.h">
      <Filter>File di intestazione\messaggi</Filter>
    </ClInclude>
    <ClInclude Include="Itinerari\stazione.h">
      <Filter>File di intestazione\itinerari</Filter>
    </ClInclude>
    <ClInclude Include="Itinerari\tabellaItinerari.h">
      <Filter>File di intestazione\itinerari</Filter>
    </ClInclude>
    <ClInclude Include="threads\ThreadListenerATC_IXL.h">
      <Filter>File di intestazione\threads</Filter>
    </ClInclude>
    <ClInclude Include="messaggi\pachettoStatoScudetti.h">
      <Filter>File di intestazione\messaggi</Filter>
    </ClInclude>
    <ClInclude Include="Itinerari\Itinerario.h">
      <Filter>File di intestazione\itinerari</Filter>
    </ClInclude>
    <ClInclude Include="logger\TextBoxTraceListener.h">
      <Filter>File di intestazione\logger</Filter>
    </ClInclude>
    <ClInclude Include="Itinerari\binario.h">
      <Filter>File di intestazione\itinerari</Filter>
    </ClInclude>
    <ClInclude Include="Itinerari\tabellaFermate.h">
      <Filter>File di intestazione\itinerari</Filter>
    </ClInclude>
    <ClInclude Include="messaggi\utility.h">
      <Filter>File di intestazione\messaggi</Filter>
    </ClInclude>
    <ClInclude Include="messaggi\ProfiloVelocita.h">
      <Filter>File di intestazione\messaggi</Filter>
    </ClInclude>
    <ClInclude Include="messaggi\Mission.h">
      <Filter>File di intestazione\messaggi</Filter>
    </ClInclude>
    <ClInclude Include="messaggi\Fault.h">
      <Filter>File di intestazione\messaggi</Filter>
    </ClInclude>
    <ClInclude Include="Event.h">
      <Filter>File di intestazione</Filter>
    </ClInclude>
    <ClInclude Include="EventQueue.h">
      <Filter>File di intestazione</Filter>
    </ClInclude>
    <ClInclude Include="messaggi\StateBlocco.h">
      <Filter>File di intestazione\messaggi</Filter>
    </ClInclude>
    <ClInclude Include="messaggi\StateCDB.h">
      <Filter>File di intestazione\messaggi</Filter>
    </ClInclude>
    <ClInclude Include="messaggi\StateItinerario.h">
      <Filter>File di intestazione\messaggi</Filter>
    </ClInclude>
    <ClInclude Include="messaggi\StateScudetti.h">
      <Filter>File di intestazione\messaggi</Filter>
    </ClInclude>
    <ClInclude Include="messaggi\StateSegnale.h">
      <Filter>File di intestazione\messaggi</Filter>
    </ClInclude>
    <ClInclude Include="scheduler\ManagerStatoLineaIXL.h">
      <Filter>File di intestazione\scheduler</Filter>
    </ClInclude>
    <ClInclude Include="scheduler\ManagerStatoLineaATC.h">
      <Filter>File di intestazione\scheduler</Filter>
    </ClInclude>
    <ClInclude Include="scheduler\ManagerMsgATO.h">
      <Filter>File di intestazione\scheduler</Filter>
    </ClInclude>
  </ItemGroup>
  <ItemGroup>
    <ClCompile Include="messaggi\Messaggi.cpp">
      <Filter>File di origine\messaggi</Filter>
    </ClCompile>
    <ClCompile Include="messaggi\pacchettoAcknowledgement.cpp">
      <Filter>File di origine\messaggi</Filter>
    </ClCompile>
    <ClCompile Include="messaggi\pacchettoCommandData.cpp">
      <Filter>File di origine\messaggi</Filter>
    </ClCompile>
    <ClCompile Include="messaggi\pacchettoMissionPlan.cpp">
      <Filter>File di origine\messaggi</Filter>
    </ClCompile>
    <ClCompile Include="messaggi\pacchettopresentazione.cpp">
      <Filter>File di origine\messaggi</Filter>
    </ClCompile>
    <ClCompile Include="messaggi\pacchettostatolineaatc.cpp">
      <Filter>File di origine\messaggi</Filter>
    </ClCompile>
    <ClCompile Include="tabellaOrario\Fermata.cpp">
      <Filter>File di origine\tabellaOrario</Filter>
    </ClCompile>
    <ClCompile Include="tabellaOrario\TabellaOrario.cpp">
      <Filter>File di origine\tabellaOrario</Filter>
    </ClCompile>
    <ClCompile Include="threads\ThreadPresentazione.cpp">
      <Filter>File di origine\threads</Filter>
    </ClCompile>
    <ClCompile Include="main.cpp">
      <Filter>File di origine</Filter>
    </ClCompile>
    <ClCompile Include="mapTrenoFisicoLogico.cpp">
      <Filter>File di origine</Filter>
    </ClCompile>
    <ClCompile Include="phisicalTrain.cpp">
      <Filter>File di origine</Filter>
    </ClCompile>
    <ClCompile Include="phisicalTrainList.cpp">
      <Filter>File di origine</Filter>
    </ClCompile>
    <ClCompile Include="logger\Logger.cpp">
      <Filter>File di origine\logger</Filter>
    </ClCompile>
    <ClCompile Include="form\SchedulerForm.cpp">
      <Filter>File di origine</Filter>
    </ClCompile>
    <ClCompile Include="messaggi\pacchettoFaultData.cpp">
      <Filter>File di origine\messaggi</Filter>
    </ClCompile>
    <ClCompile Include="messaggi\pacchettoStatoItinerario.cpp">
      <Filter>File di origine\messaggi</Filter>
    </ClCompile>
    <ClCompile Include="messaggi\pacchettoStatoSegnali.cpp">
      <Filter>File di origine\messaggi</Filter>
    </ClCompile>
    <ClCompile Include="messaggi\pacchettoComandoItinerari.cpp">
      <Filter>File di origine\messaggi</Filter>
    </ClCompile>
    <ClCompile Include="messaggi\pacchettoEnd.cpp">
      <Filter>File di origine\messaggi</Filter>
    </ClCompile>
    <ClCompile Include="messaggi\pacchettoComandoBlocco.cpp">
      <Filter>File di origine\messaggi</Filter>
    </ClCompile>
    <ClCompile Include="messaggi\pacchettoStatoBlocco.cpp">
      <Filter>File di origine\messaggi</Filter>
    </ClCompile>
    <ClCompile Include="messaggi\pacchettoStatoLineaIXL.cpp">
      <Filter>File di origine\messaggi</Filter>
    </ClCompile>
    <ClCompile Include="Itinerari\stazione.cpp">
      <Filter>File di origine\itinerari</Filter>
    </ClCompile>
    <ClCompile Include="Itinerari\tabellaItinerari.cpp">
      <Filter>File di origine\itinerari</Filter>
    </ClCompile>
    <ClCompile Include="threads\ThreadListenerATC_IXL.cpp">
      <Filter>File di origine\threads</Filter>
    </ClCompile>
    <ClCompile Include="messaggi\pachettoStatoScudetti.cpp">
      <Filter>File di origine\messaggi</Filter>
    </ClCompile>
    <ClCompile Include="Itinerari\Itinerario.cpp">
      <Filter>File di origine\itinerari</Filter>
    </ClCompile>
    <ClCompile Include="logger\TextBoxTraceListener.cpp">
      <Filter>File di origine\logger</Filter>
    </ClCompile>
    <ClCompile Include="Itinerari\binario.cpp">
      <Filter>File di origine\itinerari</Filter>
    </ClCompile>
    <ClCompile Include="Itinerari\tabellaFermate.cpp">
      <Filter>File di origine\itinerari</Filter>
    </ClCompile>
    <ClCompile Include="messaggi\utility.cpp">
      <Filter>File di origine\messaggi</Filter>
    </ClCompile>
    <ClCompile Include="messaggi\ProfiloVelocita.cpp">
      <Filter>File di origine\messaggi</Filter>
    </ClCompile>
    <ClCompile Include="messaggi\Mission.cpp">
      <Filter>File di origine\messaggi</Filter>
    </ClCompile>
    <ClCompile Include="messaggi\Fault.cpp">
      <Filter>File di origine\messaggi</Filter>
    </ClCompile>
    <ClCompile Include="Event.cpp">
      <Filter>File di origine</Filter>
    </ClCompile>
    <ClCompile Include="EventQueue.cpp">
      <Filter>File di origine</Filter>
    </ClCompile>
    <ClCompile Include="messaggi\StateSegnale.cpp">
      <Filter>File di origine\messaggi</Filter>
    </ClCompile>
    <ClCompile Include="messaggi\StateScudetti.cpp">
      <Filter>File di origine\messaggi</Filter>
    </ClCompile>
    <ClCompile Include="messaggi\StateItinerario.cpp">
      <Filter>File di origine\messaggi</Filter>
    </ClCompile>
    <ClCompile Include="messaggi\StateCDB.cpp">
      <Filter>File di origine\messaggi</Filter>
    </ClCompile>
    <ClCompile Include="messaggi\StateBlocco.cpp">
      <Filter>File di origine\messaggi</Filter>
    </ClCompile>
    <ClCompile Include="scheduler\ManagerStatoLineaIXL.cpp">
      <Filter>File di origine\scheduler</Filter>
    </ClCompile>
    <ClCompile Include="scheduler\ManagerStatoLineaATC.cpp">
      <Filter>File di origine\scheduler</Filter>
    </ClCompile>
    <ClCompile Include="scheduler\ManagerMsgATO.cpp">
      <Filter>File di origine\scheduler</Filter>
    </ClCompile>
  </ItemGroup>
  <ItemGroup>
    <None Include="app.config" />
  </ItemGroup>
  <ItemGroup>
    <EmbeddedResource Include="form\SchedulerForm.resx">
      <Filter>File di risorse</Filter>
    </EmbeddedResource>
  </ItemGroup>
</Project>